
Microsoft Visual Studio Solution File, Format Version 12.00
# Visual Studio 15
VisualStudioVersion = 15.0.28010.2050
MinimumVisualStudioVersion = 10.0.40219.1
Project("{FAE04EC0-301F-11D3-BF4B-00C04F79EFBC}") = "Kalendarz9", "Kalendarz9\Kalendarz9.csproj", "{782E6057-4AA7-4926-9E5F-CC321883E17C}"
EndProject
Global
	GlobalSection(SolutionConfigurationPlatforms) = preSolution
		Debug|Any CPU = Debug|Any CPU
		Release|Any CPU = Release|Any CPU
	EndGlobalSection
	GlobalSection(ProjectConfigurationPlatforms) = postSolution
		{782E6057-4AA7-4926-9E5F-CC321883E17C}.Debug|Any CPU.ActiveCfg = Debug|Any CPU
		{782E6057-4AA7-4926-9E5F-CC321883E17C}.Debug|Any CPU.Build.0 = Debug|Any CPU
		{782E6057-4AA7-4926-9E5F-CC321883E17C}.Release|Any CPU.ActiveCfg = Release|Any CPU
		{782E6057-4AA7-4926-9E5F-CC321883E17C}.Release|Any CPU.Build.0 = Release|Any CPU
	EndGlobalSection
	GlobalSection(SolutionProperties) = preSolution
		HideSolutionNode = FALSE
	EndGlobalSection
	GlobalSection(ExtensibilityGlobals) = postSolution
		SolutionGuid = {3CAA8272-DC8E-484D-A769-3C2810CFBCEE}
	EndGlobalSection
EndGlobal
